
Microsoft Visual Studio Solution File, Format Version 12.00
# Visual Studio Version 17
VisualStudioVersion = 17.7.34009.444
MinimumVisualStudioVersion = 10.0.40219.1
Project("{9A19103F-16F7-4668-BE54-9A1E7A4F7556}") = "API", "API\API.csproj", "{EA868A6E-C394-462D-9FBF-E9F656D69C86}"
EndProject
Project("{9A19103F-16F7-4668-BE54-9A1E7A4F7556}") = "Common", "Common\Common.csproj", "{4D4E2324-D5E4-4403-BCC5-C0C72883D48E}"
EndProject
Project("{FAE04EC0-301F-11D3-BF4B-00C04F79EFBC}") = "WorkerService", "WorkerService\WorkerService.csproj", "{5BA5AC3D-ACCB-479B-A60A-72D224644938}"
EndProject
Global
	GlobalSection(SolutionConfigurationPlatforms) = preSolution
		Debug|Any CPU = Debug|Any CPU
		Release|Any CPU = Release|Any CPU
	EndGlobalSection
	GlobalSection(ProjectConfigurationPlatforms) = postSolution
		{EA868A6E-C394-462D-9FBF-E9F656D69C86}.Debug|Any CPU.ActiveCfg = Debug|Any CPU
		{EA868A6E-C394-462D-9FBF-E9F656D69C86}.Debug|Any CPU.Build.0 = Debug|Any CPU
		{EA868A6E-C394-462D-9FBF-E9F656D69C86}.Release|Any CPU.ActiveCfg = Release|Any CPU
		{EA868A6E-C394-462D-9FBF-E9F656D69C86}.Release|Any CPU.Build.0 = Release|Any CPU
		{4D4E2324-D5E4-4403-BCC5-C0C72883D48E}.Debug|Any CPU.ActiveCfg = Debug|Any CPU
		{4D4E2324-D5E4-4403-BCC5-C0C72883D48E}.Debug|Any CPU.Build.0 = Debug|Any CPU
		{4D4E2324-D5E4-4403-BCC5-C0C72883D48E}.Release|Any CPU.ActiveCfg = Release|Any CPU
		{4D4E2324-D5E4-4403-BCC5-C0C72883D48E}.Release|Any CPU.Build.0 = Release|Any CPU
		{5BA5AC3D-ACCB-479B-A60A-72D224644938}.Debug|Any CPU.ActiveCfg = Debug|Any CPU
		{5BA5AC3D-ACCB-479B-A60A-72D224644938}.Debug|Any CPU.Build.0 = Debug|Any CPU
		{5BA5AC3D-ACCB-479B-A60A-72D224644938}.Release|Any CPU.ActiveCfg = Release|Any CPU
		{5BA5AC3D-ACCB-479B-A60A-72D224644938}.Release|Any CPU.Build.0 = Release|Any CPU
	EndGlobalSection
	GlobalSection(SolutionProperties) = preSolution
		HideSolutionNode = FALSE
	EndGlobalSection
	GlobalSection(ExtensibilityGlobals) = postSolution
		SolutionGuid = {04B05282-732F-4DE0-AA92-AD855F24C976}
	EndGlobalSection
EndGlobal
